// !$*UTF8*$!
{
	archiveVersion = 1;
	classes = {
	};
	objectVersion = 51;
	objects = {

/* Begin PBXBuildFile section */
		0EB8D89B8D97F0D9D98258DA /* Pods_MDAdmin.framework in Frameworks */ = {isa = PBXBuildFile; fileRef = B8F3E4EB2CE733870A1E9259 /* Pods_MDAdmin.framework */; };
		D300296822BA89BE00AD8786 /* AppDelegate.swift in Sources */ = {isa = PBXBuildFile; fileRef = D300296722BA89BE00AD8786 /* AppDelegate.swift */; };
		D300296D22BA89BE00AD8786 /* Main.storyboard in Resources */ = {isa = PBXBuildFile; fileRef = D300296B22BA89BE00AD8786 /* Main.storyboard */; };
		D300296F22BA89C000AD8786 /* Assets.xcassets in Resources */ = {isa = PBXBuildFile; fileRef = D300296E22BA89C000AD8786 /* Assets.xcassets */; };
		D300297222BA89C000AD8786 /* LaunchScreen.storyboard in Resources */ = {isa = PBXBuildFile; fileRef = D300297022BA89C000AD8786 /* LaunchScreen.storyboard */; };
		D300298422BE53B800AD8786 /* ClientsViewController.swift in Sources */ = {isa = PBXBuildFile; fileRef = D300298322BE53B800AD8786 /* ClientsViewController.swift */; };
		D300298622BE53C900AD8786 /* CalandarViewController.swift in Sources */ = {isa = PBXBuildFile; fileRef = D300298522BE53C900AD8786 /* CalandarViewController.swift */; };
		D300298822BE53D900AD8786 /* AddClientViewController.swift in Sources */ = {isa = PBXBuildFile; fileRef = D300298722BE53D900AD8786 /* AddClientViewController.swift */; };
		D300298A22BE53E500AD8786 /* SettingsViewController.swift in Sources */ = {isa = PBXBuildFile; fileRef = D300298922BE53E500AD8786 /* SettingsViewController.swift */; };
		D300298D22BE63DD00AD8786 /* ProceduresViewController.swift in Sources */ = {isa = PBXBuildFile; fileRef = D300298C22BE63DD00AD8786 /* ProceduresViewController.swift */; };
		D300298F22BE820600AD8786 /* AddProcedureViewController.swift in Sources */ = {isa = PBXBuildFile; fileRef = D300298E22BE820600AD8786 /* AddProcedureViewController.swift */; };
		D300299122BE83A000AD8786 /* AddViewController.swift in Sources */ = {isa = PBXBuildFile; fileRef = D300299022BE83A000AD8786 /* AddViewController.swift */; };
		D300299322C16A5300AD8786 /* GoogleService-Info.plist in Resources */ = {isa = PBXBuildFile; fileRef = D300299222C16A5300AD8786 /* GoogleService-Info.plist */; };
		D3775CC522C8EB520076CD64 /* OneClientViewController.swift in Sources */ = {isa = PBXBuildFile; fileRef = D3775CC422C8EB520076CD64 /* OneClientViewController.swift */; };
		D3A3CDB122C7BA1A00378FA4 /* Settings.swift in Sources */ = {isa = PBXBuildFile; fileRef = D3A3CDB022C7BA1A00378FA4 /* Settings.swift */; };
		D3A3CDB322C7C26A00378FA4 /* Clients.swift in Sources */ = {isa = PBXBuildFile; fileRef = D3A3CDB222C7C26A00378FA4 /* Clients.swift */; };
		D3BA1DC322C21B470089690C /* SignedInViewController.swift in Sources */ = {isa = PBXBuildFile; fileRef = D3BA1DC222C21B470089690C /* SignedInViewController.swift */; };
		D3C4988E22C6954C004EA9CC /* Login.storyboard in Resources */ = {isa = PBXBuildFile; fileRef = D3C4988D22C6954C004EA9CC /* Login.storyboard */; };
		D3C4989022C695E2004EA9CC /* LoginViewController.swift in Sources */ = {isa = PBXBuildFile; fileRef = D3C4988F22C695E2004EA9CC /* LoginViewController.swift */; };
		D3C4989422C6968E004EA9CC /* ViewManager.swift in Sources */ = {isa = PBXBuildFile; fileRef = D3C4989322C6968E004EA9CC /* ViewManager.swift */; };
		D3C4989622C7B18F004EA9CC /* LoginSecondViewController.swift in Sources */ = {isa = PBXBuildFile; fileRef = D3C4989522C7B18F004EA9CC /* LoginSecondViewController.swift */; };
/* End PBXBuildFile section */

/* Begin PBXFileReference section */
		6CB47059BE27898BDE93825D /* Pods-MDAdmin.debug.xcconfig */ = {isa = PBXFileReference; includeInIndex = 1; lastKnownFileType = text.xcconfig; name = "Pods-MDAdmin.debug.xcconfig"; path = "Target Support Files/Pods-MDAdmin/Pods-MDAdmin.debug.xcconfig"; sourceTree = "<group>"; };
		B8F3E4EB2CE733870A1E9259 /* Pods_MDAdmin.framework */ = {isa = PBXFileReference; explicitFileType = wrapper.framework; includeInIndex = 0; path = Pods_MDAdmin.framework; sourceTree = BUILT_PRODUCTS_DIR; };
		D300296422BA89BE00AD8786 /* MDAdmin.app */ = {isa = PBXFileReference; explicitFileType = wrapper.application; includeInIndex = 0; path = MDAdmin.app; sourceTree = BUILT_PRODUCTS_DIR; };
		D300296722BA89BE00AD8786 /* AppDelegate.swift */ = {isa = PBXFileReference; lastKnownFileType = sourcecode.swift; path = AppDelegate.swift; sourceTree = "<group>"; };
		D300296C22BA89BE00AD8786 /* Base */ = {isa = PBXFileReference; lastKnownFileType = file.storyboard; name = Base; path = Base.lproj/Main.storyboard; sourceTree = "<group>"; };
		D300296E22BA89C000AD8786 /* Assets.xcassets */ = {isa = PBXFileReference; lastKnownFileType = folder.assetcatalog; path = Assets.xcassets; sourceTree = "<group>"; };
		D300297122BA89C000AD8786 /* Base */ = {isa = PBXFileReference; lastKnownFileType = file.storyboard; name = Base; path = Base.lproj/LaunchScreen.storyboard; sourceTree = "<group>"; };
		D300297322BA89C000AD8786 /* Info.plist */ = {isa = PBXFileReference; lastKnownFileType = text.plist.xml; path = Info.plist; sourceTree = "<group>"; };
		D300298322BE53B800AD8786 /* ClientsViewController.swift */ = {isa = PBXFileReference; lastKnownFileType = sourcecode.swift; path = ClientsViewController.swift; sourceTree = "<group>"; };
		D300298522BE53C900AD8786 /* CalandarViewController.swift */ = {isa = PBXFileReference; lastKnownFileType = sourcecode.swift; path = CalandarViewController.swift; sourceTree = "<group>"; };
		D300298722BE53D900AD8786 /* AddClientViewController.swift */ = {isa = PBXFileReference; lastKnownFileType = sourcecode.swift; path = AddClientViewController.swift; sourceTree = "<group>"; };
		D300298922BE53E500AD8786 /* SettingsViewController.swift */ = {isa = PBXFileReference; lastKnownFileType = sourcecode.swift; path = SettingsViewController.swift; sourceTree = "<group>"; };
		D300298C22BE63DD00AD8786 /* ProceduresViewController.swift */ = {isa = PBXFileReference; lastKnownFileType = sourcecode.swift; path = ProceduresViewController.swift; sourceTree = "<group>"; };
		D300298E22BE820600AD8786 /* AddProcedureViewController.swift */ = {isa = PBXFileReference; lastKnownFileType = sourcecode.swift; path = AddProcedureViewController.swift; sourceTree = "<group>"; };
		D300299022BE83A000AD8786 /* AddViewController.swift */ = {isa = PBXFileReference; lastKnownFileType = sourcecode.swift; path = AddViewController.swift; sourceTree = "<group>"; };
		D300299222C16A5300AD8786 /* GoogleService-Info.plist */ = {isa = PBXFileReference; fileEncoding = 4; lastKnownFileType = text.plist.xml; path = "GoogleService-Info.plist"; sourceTree = "<group>"; };
		D3775CC422C8EB520076CD64 /* OneClientViewController.swift */ = {isa = PBXFileReference; lastKnownFileType = sourcecode.swift; path = OneClientViewController.swift; sourceTree = "<group>"; };
		D3A3CDB022C7BA1A00378FA4 /* Settings.swift */ = {isa = PBXFileReference; lastKnownFileType = sourcecode.swift; path = Settings.swift; sourceTree = "<group>"; };
		D3A3CDB222C7C26A00378FA4 /* Clients.swift */ = {isa = PBXFileReference; lastKnownFileType = sourcecode.swift; path = Clients.swift; sourceTree = "<group>"; };
		D3BA1DC222C21B470089690C /* SignedInViewController.swift */ = {isa = PBXFileReference; lastKnownFileType = sourcecode.swift; path = SignedInViewController.swift; sourceTree = "<group>"; };
		D3C4988D22C6954C004EA9CC /* Login.storyboard */ = {isa = PBXFileReference; lastKnownFileType = file.storyboard; path = Login.storyboard; sourceTree = "<group>"; };
		D3C4988F22C695E2004EA9CC /* LoginViewController.swift */ = {isa = PBXFileReference; lastKnownFileType = sourcecode.swift; path = LoginViewController.swift; sourceTree = "<group>"; };
		D3C4989322C6968E004EA9CC /* ViewManager.swift */ = {isa = PBXFileReference; lastKnownFileType = sourcecode.swift; path = ViewManager.swift; sourceTree = "<group>"; };
		D3C4989522C7B18F004EA9CC /* LoginSecondViewController.swift */ = {isa = PBXFileReference; lastKnownFileType = sourcecode.swift; path = LoginSecondViewController.swift; sourceTree = "<group>"; };
		EFB70C1A3FE7485364DF23D2 /* Pods-MDAdmin.release.xcconfig */ = {isa = PBXFileReference; includeInIndex = 1; lastKnownFileType = text.xcconfig; name = "Pods-MDAdmin.release.xcconfig"; path = "Target Support Files/Pods-MDAdmin/Pods-MDAdmin.release.xcconfig"; sourceTree = "<group>"; };
/* End PBXFileReference section */

/* Begin PBXFrameworksBuildPhase section */
		D300296122BA89BE00AD8786 /* Frameworks */ = {
			isa = PBXFrameworksBuildPhase;
			buildActionMask = 2147483647;
			files = (
				0EB8D89B8D97F0D9D98258DA /* Pods_MDAdmin.framework in Frameworks */,
			);
			runOnlyForDeploymentPostprocessing = 0;
		};
/* End PBXFrameworksBuildPhase section */

/* Begin PBXGroup section */
		055E9A7AE7F1D6C605CACD75 /* Frameworks */ = {
			isa = PBXGroup;
			children = (
				B8F3E4EB2CE733870A1E9259 /* Pods_MDAdmin.framework */,
			);
			name = Frameworks;
			sourceTree = "<group>";
		};
		1733BA39138AA8C49310669B /* Pods */ = {
			isa = PBXGroup;
			children = (
				6CB47059BE27898BDE93825D /* Pods-MDAdmin.debug.xcconfig */,
				EFB70C1A3FE7485364DF23D2 /* Pods-MDAdmin.release.xcconfig */,
			);
			path = Pods;
			sourceTree = "<group>";
		};
		D300295B22BA89BE00AD8786 = {
			isa = PBXGroup;
			children = (
				D300296622BA89BE00AD8786 /* MDAdmin */,
				D300296522BA89BE00AD8786 /* Products */,
				1733BA39138AA8C49310669B /* Pods */,
				055E9A7AE7F1D6C605CACD75 /* Frameworks */,
			);
			sourceTree = "<group>";
		};
		D300296522BA89BE00AD8786 /* Products */ = {
			isa = PBXGroup;
			children = (
				D300296422BA89BE00AD8786 /* MDAdmin.app */,
			);
			name = Products;
			sourceTree = "<group>";
		};
		D300296622BA89BE00AD8786 /* MDAdmin */ = {
			isa = PBXGroup;
			children = (
				D300296722BA89BE00AD8786 /* AppDelegate.swift */,
				D300298B22BE53F000AD8786 /* Controller */,
				D3C4989122C695F1004EA9CC /* Login */,
				D300296B22BA89BE00AD8786 /* Main.storyboard */,
				D3A3CDB022C7BA1A00378FA4 /* Settings.swift */,
				D3A3CDB222C7C26A00378FA4 /* Clients.swift */,
				D300296E22BA89C000AD8786 /* Assets.xcassets */,
				D300297022BA89C000AD8786 /* LaunchScreen.storyboard */,
				D3C4989322C6968E004EA9CC /* ViewManager.swift */,
				D300297322BA89C000AD8786 /* Info.plist */,
				D300299222C16A5300AD8786 /* GoogleService-Info.plist */,
			);
			path = MDAdmin;
			sourceTree = "<group>";
		};
		D300298B22BE53F000AD8786 /* Controller */ = {
			isa = PBXGroup;
			children = (
				D300298322BE53B800AD8786 /* ClientsViewController.swift */,
				D3775CC422C8EB520076CD64 /* OneClientViewController.swift */,
				D300298522BE53C900AD8786 /* CalandarViewController.swift */,
				D300298922BE53E500AD8786 /* SettingsViewController.swift */,
				D300298C22BE63DD00AD8786 /* ProceduresViewController.swift */,
				D3BA1DC222C21B470089690C /* SignedInViewController.swift */,
				D300299022BE83A000AD8786 /* AddViewController.swift */,
				D300298722BE53D900AD8786 /* AddClientViewController.swift */,
				D300298E22BE820600AD8786 /* AddProcedureViewController.swift */,
			);
			path = Controller;
			sourceTree = "<group>";
		};
		D3C4989122C695F1004EA9CC /* Login */ = {
			isa = PBXGroup;
			children = (
				D3C4988D22C6954C004EA9CC /* Login.storyboard */,
				D3C4989522C7B18F004EA9CC /* LoginSecondViewController.swift */,
				D3C4988F22C695E2004EA9CC /* LoginViewController.swift */,
			);
			path = Login;
			sourceTree = "<group>";
		};
/* End PBXGroup section */

/* Begin PBXNativeTarget section */
		D300296322BA89BE00AD8786 /* MDAdmin */ = {
			isa = PBXNativeTarget;
			buildConfigurationList = D300297622BA89C000AD8786 /* Build configuration list for PBXNativeTarget "MDAdmin" */;
			buildPhases = (
				BF42E85C0892C2D0146A33C5 /* [CP] Check Pods Manifest.lock */,
				D300296022BA89BE00AD8786 /* Sources */,
				D300296122BA89BE00AD8786 /* Frameworks */,
				D300296222BA89BE00AD8786 /* Resources */,
				80433BBA901BAB90471ADF1C /* [CP] Embed Pods Frameworks */,
				303D1E97BE3779FBDFA6EEBA /* [CP] Copy Pods Resources */,
			);
			buildRules = (
			);
			dependencies = (
			);
			name = MDAdmin;
			productName = MDAdmin;
			productReference = D300296422BA89BE00AD8786 /* MDAdmin.app */;
			productType = "com.apple.product-type.application";
		};
/* End PBXNativeTarget section */

/* Begin PBXProject section */
		D300295C22BA89BE00AD8786 /* Project object */ = {
			isa = PBXProject;
			attributes = {
				LastSwiftUpdateCheck = 1020;
				LastUpgradeCheck = 1020;
				ORGANIZATIONNAME = "Denis Danilyuk";
				TargetAttributes = {
					D300296322BA89BE00AD8786 = {
						CreatedOnToolsVersion = 10.2.1;
					};
				};
			};
			buildConfigurationList = D300295F22BA89BE00AD8786 /* Build configuration list for PBXProject "MDAdmin" */;
			compatibilityVersion = "Xcode 9.3";
			developmentRegion = en;
			hasScannedForEncodings = 0;
			knownRegions = (
				en,
				Base,
			);
			mainGroup = D300295B22BA89BE00AD8786;
			productRefGroup = D300296522BA89BE00AD8786 /* Products */;
			projectDirPath = "";
			projectRoot = "";
			targets = (
				D300296322BA89BE00AD8786 /* MDAdmin */,
			);
		};
/* End PBXProject section */

/* Begin PBXResourcesBuildPhase section */
		D300296222BA89BE00AD8786 /* Resources */ = {
			isa = PBXResourcesBuildPhase;
			buildActionMask = 2147483647;
			files = (
				D300297222BA89C000AD8786 /* LaunchScreen.storyboard in Resources */,
				D300299322C16A5300AD8786 /* GoogleService-Info.plist in Resources */,
				D300296F22BA89C000AD8786 /* Assets.xcassets in Resources */,
				D3C4988E22C6954C004EA9CC /* Login.storyboard in Resources */,
				D300296D22BA89BE00AD8786 /* Main.storyboard in Resources */,
			);
			runOnlyForDeploymentPostprocessing = 0;
		};
/* End PBXResourcesBuildPhase section */

/* Begin PBXShellScriptBuildPhase section */
		303D1E97BE3779FBDFA6EEBA /* [CP] Copy Pods Resources */ = {
			isa = PBXShellScriptBuildPhase;
			buildActionMask = 2147483647;
			files = (
			);
			inputFileListPaths = (
				"${PODS_ROOT}/Target Support Files/Pods-MDAdmin/Pods-MDAdmin-resources-${CONFIGURATION}-input-files.xcfilelist",
			);
			name = "[CP] Copy Pods Resources";
			outputFileListPaths = (
				"${PODS_ROOT}/Target Support Files/Pods-MDAdmin/Pods-MDAdmin-resources-${CONFIGURATION}-output-files.xcfilelist",
			);
			runOnlyForDeploymentPostprocessing = 0;
			shellPath = /bin/sh;
			shellScript = "\"${PODS_ROOT}/Target Support Files/Pods-MDAdmin/Pods-MDAdmin-resources.sh\"\n";
			showEnvVarsInLog = 0;
		};
		80433BBA901BAB90471ADF1C /* [CP] Embed Pods Frameworks */ = {
			isa = PBXShellScriptBuildPhase;
			buildActionMask = 2147483647;
			files = (
			);
			inputFileListPaths = (
				"${PODS_ROOT}/Target Support Files/Pods-MDAdmin/Pods-MDAdmin-frameworks-${CONFIGURATION}-input-files.xcfilelist",
			);
			name = "[CP] Embed Pods Frameworks";
			outputFileListPaths = (
				"${PODS_ROOT}/Target Support Files/Pods-MDAdmin/Pods-MDAdmin-frameworks-${CONFIGURATION}-output-files.xcfilelist",
			);
			runOnlyForDeploymentPostprocessing = 0;
			shellPath = /bin/sh;
			shellScript = "\"${PODS_ROOT}/Target Support Files/Pods-MDAdmin/Pods-MDAdmin-frameworks.sh\"\n";
			showEnvVarsInLog = 0;
		};
		BF42E85C0892C2D0146A33C5 /* [CP] Check Pods Manifest.lock */ = {
			isa = PBXShellScriptBuildPhase;
			buildActionMask = 2147483647;
			files = (
			);
			inputFileListPaths = (
			);
			inputPaths = (
				"${PODS_PODFILE_DIR_PATH}/Podfile.lock",
				"${PODS_ROOT}/Manifest.lock",
			);
			name = "[CP] Check Pods Manifest.lock";
			outputFileListPaths = (
			);
			outputPaths = (
				"$(DERIVED_FILE_DIR)/Pods-MDAdmin-checkManifestLockResult.txt",
			);
			runOnlyForDeploymentPostprocessing = 0;
			shellPath = /bin/sh;
			shellScript = "diff \"${PODS_PODFILE_DIR_PATH}/Podfile.lock\" \"${PODS_ROOT}/Manifest.lock\" > /dev/null\nif [ $? != 0 ] ; then\n    # print error to STDERR\n    echo \"error: The sandbox is not in sync with the Podfile.lock. Run 'pod install' or update your CocoaPods installation.\" >&2\n    exit 1\nfi\n# This output is used by Xcode 'outputs' to avoid re-running this script phase.\necho \"SUCCESS\" > \"${SCRIPT_OUTPUT_FILE_0}\"\n";
			showEnvVarsInLog = 0;
		};
/* End PBXShellScriptBuildPhase section */

/* Begin PBXSourcesBuildPhase section */
		D300296022BA89BE00AD8786 /* Sources */ = {
			isa = PBXSourcesBuildPhase;
			buildActionMask = 2147483647;
			files = (
				D300298822BE53D900AD8786 /* AddClientViewController.swift in Sources */,
				D3775CC522C8EB520076CD64 /* OneClientViewController.swift in Sources */,
				D300298622BE53C900AD8786 /* CalandarViewController.swift in Sources */,
				D300299122BE83A000AD8786 /* AddViewController.swift in Sources */,
				D3A3CDB122C7BA1A00378FA4 /* Settings.swift in Sources */,
				D300298F22BE820600AD8786 /* AddProcedureViewController.swift in Sources */,
				D300298D22BE63DD00AD8786 /* ProceduresViewController.swift in Sources */,
				D3C4989422C6968E004EA9CC /* ViewManager.swift in Sources */,
				D300298422BE53B800AD8786 /* ClientsViewController.swift in Sources */,
				D3A3CDB322C7C26A00378FA4 /* Clients.swift in Sources */,
				D300296822BA89BE00AD8786 /* AppDelegate.swift in Sources */,
				D3BA1DC322C21B470089690C /* SignedInViewController.swift in Sources */,
				D3C4989622C7B18F004EA9CC /* LoginSecondViewController.swift in Sources */,
				D300298A22BE53E500AD8786 /* SettingsViewController.swift in Sources */,
				D3C4989022C695E2004EA9CC /* LoginViewController.swift in Sources */,
			);
			runOnlyForDeploymentPostprocessing = 0;
		};
/* End PBXSourcesBuildPhase section */

/* Begin PBXVariantGroup section */
		D300296B22BA89BE00AD8786 /* Main.storyboard */ = {
			isa = PBXVariantGroup;
			children = (
				D300296C22BA89BE00AD8786 /* Base */,
			);
			name = Main.storyboard;
			sourceTree = "<group>";
		};
		D300297022BA89C000AD8786 /* LaunchScreen.storyboard */ = {
			isa = PBXVariantGroup;
			children = (
				D300297122BA89C000AD8786 /* Base */,
			);
			name = LaunchScreen.storyboard;
			sourceTree = "<group>";
		};
/* End PBXVariantGroup section */

/* Begin XCBuildConfiguration section */
		D300297422BA89C000AD8786 /* Debug */ = {
			isa = XCBuildConfiguration;
			buildSettings = {
				ALWAYS_SEARCH_USER_PATHS = NO;
				CLANG_ANALYZER_NONNULL = YES;
				CLANG_ANALYZER_NUMBER_OBJECT_CONVERSION = YES_AGGRESSIVE;
				CLANG_CXX_LANGUAGE_STANDARD = "gnu++14";
				CLANG_CXX_LIBRARY = "libc++";
				CLANG_ENABLE_MODULES = YES;
				CLANG_ENABLE_OBJC_ARC = YES;
				CLANG_ENABLE_OBJC_WEAK = YES;
				CLANG_WARN_BLOCK_CAPTURE_AUTORELEASING = YES;
				CLANG_WARN_BOOL_CONVERSION = YES;
				CLANG_WARN_COMMA = YES;
				CLANG_WARN_CONSTANT_CONVERSION = YES;
				CLANG_WARN_DEPRECATED_OBJC_IMPLEMENTATIONS = YES;
				CLANG_WARN_DIRECT_OBJC_ISA_USAGE = YES_ERROR;
				CLANG_WARN_DOCUMENTATION_COMMENTS = YES;
				CLANG_WARN_EMPTY_BODY = YES;
				CLANG_WARN_ENUM_CONVERSION = YES;
				CLANG_WARN_INFINITE_RECURSION = YES;
				CLANG_WARN_INT_CONVERSION = YES;
				CLANG_WARN_NON_LITERAL_NULL_CONVERSION = YES;
				CLANG_WARN_OBJC_IMPLICIT_RETAIN_SELF = YES;
				CLANG_WARN_OBJC_LITERAL_CONVERSION = YES;
				CLANG_WARN_OBJC_ROOT_CLASS = YES_ERROR;
				CLANG_WARN_RANGE_LOOP_ANALYSIS = YES;
				CLANG_WARN_STRICT_PROTOTYPES = YES;
				CLANG_WARN_SUSPICIOUS_MOVE = YES;
				CLANG_WARN_UNGUARDED_AVAILABILITY = YES_AGGRESSIVE;
				CLANG_WARN_UNREACHABLE_CODE = YES;
				CLANG_WARN__DUPLICATE_METHOD_MATCH = YES;
				CODE_SIGN_IDENTITY = "iPhone Developer";
				COPY_PHASE_STRIP = NO;
				DEBUG_INFORMATION_FORMAT = dwarf;
				ENABLE_STRICT_OBJC_MSGSEND = YES;
				ENABLE_TESTABILITY = YES;
				GCC_C_LANGUAGE_STANDARD = gnu11;
				GCC_DYNAMIC_NO_PIC = NO;
				GCC_NO_COMMON_BLOCKS = YES;
				GCC_OPTIMIZATION_LEVEL = 0;
				GCC_PREPROCESSOR_DEFINITIONS = (
					"DEBUG=1",
					"$(inherited)",
				);
				GCC_WARN_64_TO_32_BIT_CONVERSION = YES;
				GCC_WARN_ABOUT_RETURN_TYPE = YES_ERROR;
				GCC_WARN_UNDECLARED_SELECTOR = YES;
				GCC_WARN_UNINITIALIZED_AUTOS = YES_AGGRESSIVE;
				GCC_WARN_UNUSED_FUNCTION = YES;
				GCC_WARN_UNUSED_VARIABLE = YES;
				IPHONEOS_DEPLOYMENT_TARGET = 12.2;
				MTL_ENABLE_DEBUG_INFO = INCLUDE_SOURCE;
				MTL_FAST_MATH = YES;
				ONLY_ACTIVE_ARCH = YES;
				SDKROOT = iphoneos;
				SWIFT_ACTIVE_COMPILATION_CONDITIONS = DEBUG;
				SWIFT_OPTIMIZATION_LEVEL = "-Onone";
			};
			name = Debug;
		};
		D300297522BA89C000AD8786 /* Release */ = {
			isa = XCBuildConfiguration;
			buildSettings = {
				ALWAYS_SEARCH_USER_PATHS = NO;
				CLANG_ANALYZER_NONNULL = YES;
				CLANG_ANALYZER_NUMBER_OBJECT_CONVERSION = YES_AGGRESSIVE;
				CLANG_CXX_LANGUAGE_STANDARD = "gnu++14";
				CLANG_CXX_LIBRARY = "libc++";
				CLANG_ENABLE_MODULES = YES;
				CLANG_ENABLE_OBJC_ARC = YES;
				CLANG_ENABLE_OBJC_WEAK = YES;
				CLANG_WARN_BLOCK_CAPTURE_AUTORELEASING = YES;
				CLANG_WARN_BOOL_CONVERSION = YES;
				CLANG_WARN_COMMA = YES;
				CLANG_WARN_CONSTANT_CONVERSION = YES;
				CLANG_WARN_DEPRECATED_OBJC_IMPLEMENTATIONS = YES;
				CLANG_WARN_DIRECT_OBJC_ISA_USAGE = YES_ERROR;
				CLANG_WARN_DOCUMENTATION_COMMENTS = YES;
				CLANG_WARN_EMPTY_BODY = YES;
				CLANG_WARN_ENUM_CONVERSION = YES;
				CLANG_WARN_INFINITE_RECURSION = YES;
				CLANG_WARN_INT_CONVERSION = YES;
				CLANG_WARN_NON_LITERAL_NULL_CONVERSION = YES;
				CLANG_WARN_OBJC_IMPLICIT_RETAIN_SELF = YES;
				CLANG_WARN_OBJC_LITERAL_CONVERSION = YES;
				CLANG_WARN_OBJC_ROOT_CLASS = YES_ERROR;
				CLANG_WARN_RANGE_LOOP_ANALYSIS = YES;
				CLANG_WARN_STRICT_PROTOTYPES = YES;
				CLANG_WARN_SUSPICIOUS_MOVE = YES;
				CLANG_WARN_UNGUARDED_AVAILABILITY = YES_AGGRESSIVE;
				CLANG_WARN_UNREACHABLE_CODE = YES;
				CLANG_WARN__DUPLICATE_METHOD_MATCH = YES;
				CODE_SIGN_IDENTITY = "iPhone Developer";
				COPY_PHASE_STRIP = NO;
				DEBUG_INFORMATION_FORMAT = "dwarf-with-dsym";
				ENABLE_NS_ASSERTIONS = NO;
				ENABLE_STRICT_OBJC_MSGSEND = YES;
				GCC_C_LANGUAGE_STANDARD = gnu11;
				GCC_NO_COMMON_BLOCKS = YES;
				GCC_WARN_64_TO_32_BIT_CONVERSION = YES;
				GCC_WARN_ABOUT_RETURN_TYPE = YES_ERROR;
				GCC_WARN_UNDECLARED_SELECTOR = YES;
				GCC_WARN_UNINITIALIZED_AUTOS = YES_AGGRESSIVE;
				GCC_WARN_UNUSED_FUNCTION = YES;
				GCC_WARN_UNUSED_VARIABLE = YES;
				IPHONEOS_DEPLOYMENT_TARGET = 12.2;
				MTL_ENABLE_DEBUG_INFO = NO;
				MTL_FAST_MATH = YES;
				SDKROOT = iphoneos;
				SWIFT_COMPILATION_MODE = wholemodule;
				SWIFT_OPTIMIZATION_LEVEL = "-O";
				VALIDATE_PRODUCT = YES;
			};
			name = Release;
		};
		D300297722BA89C000AD8786 /* Debug */ = {
			isa = XCBuildConfiguration;
			baseConfigurationReference = 6CB47059BE27898BDE93825D /* Pods-MDAdmin.debug.xcconfig */;
			buildSettings = {
				ASSETCATALOG_COMPILER_APPICON_NAME = AppIcon;
				CODE_SIGN_STYLE = Automatic;
				DEVELOPMENT_TEAM = M92VXVU7J9;
				INFOPLIST_FILE = MDAdmin/Info.plist;
				LD_RUNPATH_SEARCH_PATHS = (
					"$(inherited)",
					"@executable_path/Frameworks",
				);
				PRODUCT_BUNDLE_IDENTIFIER = ddanilyuk.MDAdmin;
				PRODUCT_NAME = "$(TARGET_NAME)";
				SWIFT_VERSION = 5.0;
				TARGETED_DEVICE_FAMILY = 1;
			};
			name = Debug;
		};
		D300297822BA89C000AD8786 /* Release */ = {
			isa = XCBuildConfiguration;
			baseConfigurationReference = EFB70C1A3FE7485364DF23D2 /* Pods-MDAdmin.release.xcconfig */;
			buildSettings = {
				ASSETCATALOG_COMPILER_APPICON_NAME = AppIcon;
				CODE_SIGN_STYLE = Automatic;
				DEVELOPMENT_TEAM = M92VXVU7J9;
				INFOPLIST_FILE = MDAdmin/Info.plist;
				LD_RUNPATH_SEARCH_PATHS = (
					"$(inherited)",
					"@executable_path/Frameworks",
				);
				PRODUCT_BUNDLE_IDENTIFIER = ddanilyuk.MDAdmin;
				PRODUCT_NAME = "$(TARGET_NAME)";
				SWIFT_VERSION = 5.0;
				TARGETED_DEVICE_FAMILY = 1;
			};
			name = Release;
		};
/* End XCBuildConfiguration section */

/* Begin XCConfigurationList section */
		D300295F22BA89BE00AD8786 /* Build configuration list for PBXProject "MDAdmin" */ = {
			isa = XCConfigurationList;
			buildConfigurations = (
				D300297422BA89C000AD8786 /* Debug */,
				D300297522BA89C000AD8786 /* Release */,
			);
			defaultConfigurationIsVisible = 0;
			defaultConfigurationName = Release;
		};
		D300297622BA89C000AD8786 /* Build configuration list for PBXNativeTarget "MDAdmin" */ = {
			isa = XCConfigurationList;
			buildConfigurations = (
				D300297722BA89C000AD8786 /* Debug */,
				D300297822BA89C000AD8786 /* Release */,
			);
			defaultConfigurationIsVisible = 0;
			defaultConfigurationName = Release;
		};
/* End XCConfigurationList section */
	};
	rootObject = D300295C22BA89BE00AD8786 /* Project object */;
}
